
Microsoft Visual Studio Solution File, Format Version 12.00
# Visual Studio Version 16
VisualStudioVersion = 16.0.31515.178
MinimumVisualStudioVersion = 10.0.40219.1
Project("{8BC9CEB8-8B4A-11D0-8D11-00A0C91BC942}") = "shoot_plane", "shoot_plane.vcxproj", "{609EFA7F-6CB0-439B-BABB-7DFB1EF66516}"
EndProject
Global
	GlobalSection(SolutionConfigurationPlatforms) = preSolution
		Debug|x64 = Debug|x64
		Debug|x86 = Debug|x86
		Release|x64 = Release|x64
		Release|x86 = Release|x86
	EndGlobalSection
	GlobalSection(ProjectConfigurationPlatforms) = postSolution
		{609EFA7F-6CB0-439B-BABB-7DFB1EF66516}.Debug|x64.ActiveCfg = Debug|x64
		{609EFA7F-6CB0-439B-BABB-7DFB1EF66516}.Debug|x64.Build.0 = Debug|x64
		{609EFA7F-6CB0-439B-BABB-7DFB1EF66516}.Debug|x86.ActiveCfg = Debug|Win32
		{609EFA7F-6CB0-439B-BABB-7DFB1EF66516}.Debug|x86.Build.0 = Debug|Win32
		{609EFA7F-6CB0-439B-BABB-7DFB1EF66516}.Release|x64.ActiveCfg = Release|x64
		{609EFA7F-6CB0-439B-BABB-7DFB1EF66516}.Release|x64.Build.0 = Release|x64
		{609EFA7F-6CB0-439B-BABB-7DFB1EF66516}.Release|x86.ActiveCfg = Release|Win32
		{609EFA7F-6CB0-439B-BABB-7DFB1EF66516}.Release|x86.Build.0 = Release|Win32
	EndGlobalSection
	GlobalSection(SolutionProperties) = preSolution
		HideSolutionNode = FALSE
	EndGlobalSection
	GlobalSection(ExtensibilityGlobals) = postSolution
		SolutionGuid = {44E33EFC-4B10-48B5-B8E2-ACDA8F619676}
	EndGlobalSection
EndGlobal
